
Microsoft Visual Studio Solution File, Format Version 12.00
# Visual Studio 15
VisualStudioVersion = 15.0.28010.2036
MinimumVisualStudioVersion = 10.0.40219.1
Project("{9A19103F-16F7-4668-BE54-9A1E7A4F7556}") = "PerfectOnion.Core", "src\PerfectOnion.Core\PerfectOnion.Core.csproj", "{A5C6A168-649B-4BC0-9A69-B7EE4018AC78}"
EndProject
Project("{9A19103F-16F7-4668-BE54-9A1E7A4F7556}") = "PerfectOnion.Web", "src\PerfectOnion.Web\PerfectOnion.Web.csproj", "{E6AE868C-8CE3-46E0-87ED-9834D8C17931}"
EndProject
Project("{FAE04EC0-301F-11D3-BF4B-00C04F79EFBC}") = "PerfectOnion.Infrastructure", "src\PerfectOnion.Infrastructure\PerfectOnion.Infrastructure.csproj", "{ABEA1934-CE73-47FD-ACE5-3FDB1EDD7477}"
EndProject
Project("{FAE04EC0-301F-11D3-BF4B-00C04F79EFBC}") = "PerfectOnion.Services", "src\PerfectOnion.Services\PerfectOnion.Services.csproj", "{37D0B445-E05A-4B10-91D7-DCFEBA0AF39D}"
EndProject
Global
	GlobalSection(SolutionConfigurationPlatforms) = preSolution
		Debug|Any CPU = Debug|Any CPU
		Release|Any CPU = Release|Any CPU
	EndGlobalSection
	GlobalSection(ProjectConfigurationPlatforms) = postSolution
		{A5C6A168-649B-4BC0-9A69-B7EE4018AC78}.Debug|Any CPU.ActiveCfg = Debug|Any CPU
		{A5C6A168-649B-4BC0-9A69-B7EE4018AC78}.Debug|Any CPU.Build.0 = Debug|Any CPU
		{A5C6A168-649B-4BC0-9A69-B7EE4018AC78}.Release|Any CPU.ActiveCfg = Release|Any CPU
		{A5C6A168-649B-4BC0-9A69-B7EE4018AC78}.Release|Any CPU.Build.0 = Release|Any CPU
		{E6AE868C-8CE3-46E0-87ED-9834D8C17931}.Debug|Any CPU.ActiveCfg = Debug|Any CPU
		{E6AE868C-8CE3-46E0-87ED-9834D8C17931}.Debug|Any CPU.Build.0 = Debug|Any CPU
		{E6AE868C-8CE3-46E0-87ED-9834D8C17931}.Release|Any CPU.ActiveCfg = Release|Any CPU
		{E6AE868C-8CE3-46E0-87ED-9834D8C17931}.Release|Any CPU.Build.0 = Release|Any CPU
		{ABEA1934-CE73-47FD-ACE5-3FDB1EDD7477}.Debug|Any CPU.ActiveCfg = Debug|Any CPU
		{ABEA1934-CE73-47FD-ACE5-3FDB1EDD7477}.Debug|Any CPU.Build.0 = Debug|Any CPU
		{ABEA1934-CE73-47FD-ACE5-3FDB1EDD7477}.Release|Any CPU.ActiveCfg = Release|Any CPU
		{ABEA1934-CE73-47FD-ACE5-3FDB1EDD7477}.Release|Any CPU.Build.0 = Release|Any CPU
		{37D0B445-E05A-4B10-91D7-DCFEBA0AF39D}.Debug|Any CPU.ActiveCfg = Debug|Any CPU
		{37D0B445-E05A-4B10-91D7-DCFEBA0AF39D}.Debug|Any CPU.Build.0 = Debug|Any CPU
		{37D0B445-E05A-4B10-91D7-DCFEBA0AF39D}.Release|Any CPU.ActiveCfg = Release|Any CPU
		{37D0B445-E05A-4B10-91D7-DCFEBA0AF39D}.Release|Any CPU.Build.0 = Release|Any CPU
	EndGlobalSection
	GlobalSection(SolutionProperties) = preSolution
		HideSolutionNode = FALSE
	EndGlobalSection
	GlobalSection(ExtensibilityGlobals) = postSolution
		SolutionGuid = {2D697AEA-6F8C-45F7-B8FB-5F6E186D75B7}
	EndGlobalSection
EndGlobal
